
Microsoft Visual Studio Solution File, Format Version 12.00
# Visual Studio Version 16
VisualStudioVersion = 16.0.30225.117
MinimumVisualStudioVersion = 10.0.40219.1
Project("{9A19103F-16F7-4668-BE54-9A1E7A4F7556}") = "GrpcExampleService", "GrpcExampleService\GrpcExampleService.csproj", "{5133A06B-911C-40FD-B5E8-1D5EFC7CC8FC}"
EndProject
Project("{9A19103F-16F7-4668-BE54-9A1E7A4F7556}") = "GrpcExampleClient", "GrpcExampleClient\GrpcExampleClient.csproj", "{14CE76CC-2C53-481D-B7B4-A12E456E0AFC}"
EndProject
Global
	GlobalSection(SolutionConfigurationPlatforms) = preSolution
		Debug|Any CPU = Debug|Any CPU
		Release|Any CPU = Release|Any CPU
	EndGlobalSection
	GlobalSection(ProjectConfigurationPlatforms) = postSolution
		{5133A06B-911C-40FD-B5E8-1D5EFC7CC8FC}.Debug|Any CPU.ActiveCfg = Debug|Any CPU
		{5133A06B-911C-40FD-B5E8-1D5EFC7CC8FC}.Debug|Any CPU.Build.0 = Debug|Any CPU
		{5133A06B-911C-40FD-B5E8-1D5EFC7CC8FC}.Release|Any CPU.ActiveCfg = Release|Any CPU
		{5133A06B-911C-40FD-B5E8-1D5EFC7CC8FC}.Release|Any CPU.Build.0 = Release|Any CPU
		{14CE76CC-2C53-481D-B7B4-A12E456E0AFC}.Debug|Any CPU.ActiveCfg = Debug|Any CPU
		{14CE76CC-2C53-481D-B7B4-A12E456E0AFC}.Debug|Any CPU.Build.0 = Debug|Any CPU
		{14CE76CC-2C53-481D-B7B4-A12E456E0AFC}.Release|Any CPU.ActiveCfg = Release|Any CPU
		{14CE76CC-2C53-481D-B7B4-A12E456E0AFC}.Release|Any CPU.Build.0 = Release|Any CPU
	EndGlobalSection
	GlobalSection(SolutionProperties) = preSolution
		HideSolutionNode = FALSE
	EndGlobalSection
	GlobalSection(ExtensibilityGlobals) = postSolution
		SolutionGuid = {ADF53819-5221-4BDD-A1BD-1D6659B82E09}
	EndGlobalSection
EndGlobal
